Microsoft Visual Studio Solution File, Format Version 7.00
Project("{FAE04EC0-301F-11D3-BF4B-00C04F79EFBC}") = "HackerNews", "HackerNews.csproj", "{49B07F35-3C0A-43A4-9CD4-B615E41EEAF7}"
EndProject
Global
	GlobalSection(SolutionConfiguration) = preSolution
		ConfigName.0 = Debug
		ConfigName.1 = Release
	EndGlobalSection
	GlobalSection(ProjectDependencies) = postSolution
	EndGlobalSection
	GlobalSection(ProjectConfiguration) = postSolution
		{49B07F35-3C0A-43A4-9CD4-B615E41EEAF7}.Debug.ActiveCfg = Debug|.NET
		{49B07F35-3C0A-43A4-9CD4-B615E41EEAF7}.Debug.Build.0 = Debug|.NET
		{49B07F35-3C0A-43A4-9CD4-B615E41EEAF7}.Release.ActiveCfg = Release|.NET
		{49B07F35-3C0A-43A4-9CD4-B615E41EEAF7}.Release.Build.0 = Release|.NET
	EndGlobalSection
	GlobalSection(ExtensibilityGlobals) = postSolution
	EndGlobalSection
	GlobalSection(ExtensibilityAddIns) = postSolution
	EndGlobalSection
EndGlobal
